// !$*UTF8*$!
{
	archiveVersion = 1;
	classes = {
	};
	objectVersion = 46;
	objects = {

/* Begin PBXBuildFile section */
		04BDDDE91C907363003A5793 /* main.m in Sources */ = {isa = PBXBuildFile; fileRef = 04BDDDE81C907363003A5793 /* main.m */; };
		04BDDE021C907364003A5793 /* FSBliBliTests.m in Sources */ = {isa = PBXBuildFile; fileRef = 04BDDE011C907364003A5793 /* FSBliBliTests.m */; };
		04BDDE0D1C907364003A5793 /* FSBliBliUITests.m in Sources */ = {isa = PBXBuildFile; fileRef = 04BDDE0C1C907364003A5793 /* FSBliBliUITests.m */; };
		04BDDE241C907603003A5793 /* AppDelegate.m in Sources */ = {isa = PBXBuildFile; fileRef = 04BDDE1C1C907603003A5793 /* AppDelegate.m */; };
		04BDDE2A1C90772B003A5793 /* Assets.xcassets in Resources */ = {isa = PBXBuildFile; fileRef = 04BDDE291C90772B003A5793 /* Assets.xcassets */; };
		04BDDE2C1C907744003A5793 /* LaunchScreen.storyboard in Resources */ = {isa = PBXBuildFile; fileRef = 04BDDE2B1C907744003A5793 /* LaunchScreen.storyboard */; };
		04BDDE2F1C9077E9003A5793 /* FSMainViewController.m in Sources */ = {isa = PBXBuildFile; fileRef = 04BDDE2E1C9077E9003A5793 /* FSMainViewController.m */; };
		04BDDE321C907809003A5793 /* FSNavigationController.m in Sources */ = {isa = PBXBuildFile; fileRef = 04BDDE311C907809003A5793 /* FSNavigationController.m */; };
/* End PBXBuildFile section */

/* Begin PBXContainerItemProxy section */
		04BDDDFE1C907364003A5793 /* PBXContainerItemProxy */ = {
			isa = PBXContainerItemProxy;
			containerPortal = 04BDDDDC1C907363003A5793 /* Project object */;
			proxyType = 1;
			remoteGlobalIDString = 04BDDDE31C907363003A5793;
			remoteInfo = FSBliBli;
		};
		04BDDE091C907364003A5793 /* PBXContainerItemProxy */ = {
			isa = PBXContainerItemProxy;
			containerPortal = 04BDDDDC1C907363003A5793 /* Project object */;
			proxyType = 1;
			remoteGlobalIDString = 04BDDDE31C907363003A5793;
			remoteInfo = FSBliBli;
		};
/* End PBXContainerItemProxy section */

/* Begin PBXFileReference section */
		04BDDDE41C907363003A5793 /* FSBliBli.app */ = {isa = PBXFileReference; explicitFileType = wrapper.application; includeInIndex = 0; path = FSBliBli.app; sourceTree = BUILT_PRODUCTS_DIR; };
		04BDDDE81C907363003A5793 /* main.m */ = {isa = PBXFileReference; lastKnownFileType = sourcecode.c.objc; path = main.m; sourceTree = "<group>"; };
		04BDDDF81C907363003A5793 /* Info.plist */ = {isa = PBXFileReference; lastKnownFileType = text.plist.xml; path = Info.plist; sourceTree = "<group>"; };
		04BDDDFD1C907364003A5793 /* FSBliBliTests.xctest */ = {isa = PBXFileReference; explicitFileType = wrapper.cfbundle; includeInIndex = 0; path = FSBliBliTests.xctest; sourceTree = BUILT_PRODUCTS_DIR; };
		04BDDE011C907364003A5793 /* FSBliBliTests.m */ = {isa = PBXFileReference; lastKnownFileType = sourcecode.c.objc; path = FSBliBliTests.m; sourceTree = "<group>"; };
		04BDDE031C907364003A5793 /* Info.plist */ = {isa = PBXFileReference; lastKnownFileType = text.plist.xml; path = Info.plist; sourceTree = "<group>"; };
		04BDDE081C907364003A5793 /* FSBliBliUITests.xctest */ = {isa = PBXFileReference; explicitFileType = wrapper.cfbundle; includeInIndex = 0; path = FSBliBliUITests.xctest; sourceTree = BUILT_PRODUCTS_DIR; };
		04BDDE0C1C907364003A5793 /* FSBliBliUITests.m */ = {isa = PBXFileReference; lastKnownFileType = sourcecode.c.objc; path = FSBliBliUITests.m; sourceTree = "<group>"; };
		04BDDE0E1C907364003A5793 /* Info.plist */ = {isa = PBXFileReference; lastKnownFileType = text.plist.xml; path = Info.plist; sourceTree = "<group>"; };
		04BDDE1B1C907603003A5793 /* AppDelegate.h */ = {isa = PBXFileReference; fileEncoding = 4; lastKnownFileType = sourcecode.c.h; path = AppDelegate.h; sourceTree = "<group>"; };
		04BDDE1C1C907603003A5793 /* AppDelegate.m */ = {isa = PBXFileReference; fileEncoding = 4; lastKnownFileType = sourcecode.c.objc; path = AppDelegate.m; sourceTree = "<group>"; };
		04BDDE291C90772B003A5793 /* Assets.xcassets */ = {isa = PBXFileReference; lastKnownFileType = folder.assetcatalog; path = Assets.xcassets; sourceTree = "<group>"; };
		04BDDE2B1C907744003A5793 /* LaunchScreen.storyboard */ = {isa = PBXFileReference; fileEncoding = 4; lastKnownFileType = file.storyboard; path = LaunchScreen.storyboard; sourceTree = "<group>"; };
		04BDDE2D1C9077E9003A5793 /* FSMainViewController.h */ = {isa = PBXFileReference; fileEncoding = 4; lastKnownFileType = sourcecode.c.h; path = FSMainViewController.h; sourceTree = "<group>"; };
		04BDDE2E1C9077E9003A5793 /* FSMainViewController.m */ = {isa = PBXFileReference; fileEncoding = 4; lastKnownFileType = sourcecode.c.objc; path = FSMainViewController.m; sourceTree = "<group>"; };
		04BDDE301C907809003A5793 /* FSNavigationController.h */ = {isa = PBXFileReference; fileEncoding = 4; lastKnownFileType = sourcecode.c.h; path = FSNavigationController.h; sourceTree = "<group>"; };
		04BDDE311C907809003A5793 /* FSNavigationController.m */ = {isa = PBXFileReference; fileEncoding = 4; lastKnownFileType = sourcecode.c.objc; path = FSNavigationController.m; sourceTree = "<group>"; };
		04BDDE331C907847003A5793 /* FSBili.pch */ = {isa = PBXFileReference; fileEncoding = 4; lastKnownFileType = sourcecode.c.h; path = FSBili.pch; sourceTree = "<group>"; };
/* End PBXFileReference section */

/* Begin PBXFrameworksBuildPhase section */
		04BDDDE11C907363003A5793 /* Frameworks */ = {
			isa = PBXFrameworksBuildPhase;
			buildActionMask = 2147483647;
			files = (
			);
			runOnlyForDeploymentPostprocessing = 0;
		};
		04BDDDFA1C907364003A5793 /* Frameworks */ = {
			isa = PBXFrameworksBuildPhase;
			buildActionMask = 2147483647;
			files = (
			);
			runOnlyForDeploymentPostprocessing = 0;
		};
		04BDDE051C907364003A5793 /* Frameworks */ = {
			isa = PBXFrameworksBuildPhase;
			buildActionMask = 2147483647;
			files = (
			);
			runOnlyForDeploymentPostprocessing = 0;
		};
/* End PBXFrameworksBuildPhase section */

/* Begin PBXGroup section */
		04BDDDDB1C907363003A5793 = {
			isa = PBXGroup;
			children = (
				04BDDDE61C907363003A5793 /* FSBliBli */,
				04BDDE001C907364003A5793 /* FSBliBliTests */,
				04BDDE0B1C907364003A5793 /* FSBliBliUITests */,
				04BDDDE51C907363003A5793 /* Products */,
			);
			sourceTree = "<group>";
		};
		04BDDDE51C907363003A5793 /* Products */ = {
			isa = PBXGroup;
			children = (
				04BDDDE41C907363003A5793 /* FSBliBli.app */,
				04BDDDFD1C907364003A5793 /* FSBliBliTests.xctest */,
				04BDDE081C907364003A5793 /* FSBliBliUITests.xctest */,
			);
			name = Products;
			sourceTree = "<group>";
		};
		04BDDDE61C907363003A5793 /* FSBliBli */ = {
			isa = PBXGroup;
			children = (
				04BDDE1A1C907603003A5793 /* Classes */,
				04BDDDE71C907363003A5793 /* Supporting Files */,
			);
			path = FSBliBli;
			sourceTree = "<group>";
		};
		04BDDDE71C907363003A5793 /* Supporting Files */ = {
			isa = PBXGroup;
			children = (
				04BDDE291C90772B003A5793 /* Assets.xcassets */,
				04BDDE2B1C907744003A5793 /* LaunchScreen.storyboard */,
				04BDDDF81C907363003A5793 /* Info.plist */,
				04BDDDE81C907363003A5793 /* main.m */,
				04BDDE331C907847003A5793 /* FSBili.pch */,
			);
			name = "Supporting Files";
			sourceTree = "<group>";
		};
		04BDDE001C907364003A5793 /* FSBliBliTests */ = {
			isa = PBXGroup;
			children = (
				04BDDE011C907364003A5793 /* FSBliBliTests.m */,
				04BDDE031C907364003A5793 /* Info.plist */,
			);
			path = FSBliBliTests;
			sourceTree = "<group>";
		};
		04BDDE0B1C907364003A5793 /* FSBliBliUITests */ = {
			isa = PBXGroup;
			children = (
				04BDDE0C1C907364003A5793 /* FSBliBliUITests.m */,
				04BDDE0E1C907364003A5793 /* Info.plist */,
			);
			path = FSBliBliUITests;
			sourceTree = "<group>";
		};
		04BDDE1A1C907603003A5793 /* Classes */ = {
			isa = PBXGroup;
			children = (
				04BDDE1B1C907603003A5793 /* AppDelegate.h */,
				04BDDE1C1C907603003A5793 /* AppDelegate.m */,
				04BDDE1D1C907603003A5793 /* Main */,
				04BDDE1E1C907603003A5793 /* Other */,
			);
			path = Classes;
			sourceTree = "<group>";
		};
		04BDDE1D1C907603003A5793 /* Main */ = {
			isa = PBXGroup;
			children = (
				04BDDE2D1C9077E9003A5793 /* FSMainViewController.h */,
				04BDDE2E1C9077E9003A5793 /* FSMainViewController.m */,
				04BDDE301C907809003A5793 /* FSNavigationController.h */,
				04BDDE311C907809003A5793 /* FSNavigationController.m */,
			);
			path = Main;
			sourceTree = "<group>";
		};
		04BDDE1E1C907603003A5793 /* Other */ = {
			isa = PBXGroup;
			children = (
				04BDDE341C90805B003A5793 /* Util */,
			);
			path = Other;
			sourceTree = "<group>";
		};
		04BDDE341C90805B003A5793 /* Util */ = {
			isa = PBXGroup;
			children = (
			);
			path = Util;
			sourceTree = "<group>";
		};
/* End PBXGroup section */

/* Begin PBXNativeTarget section */
		04BDDDE31C907363003A5793 /* FSBliBli */ = {
			isa = PBXNativeTarget;
			buildConfigurationList = 04BDDE111C907364003A5793 /* Build configuration list for PBXNativeTarget "FSBliBli" */;
			buildPhases = (
				04BDDDE01C907363003A5793 /* Sources */,
				04BDDDE11C907363003A5793 /* Frameworks */,
				04BDDDE21C907363003A5793 /* Resources */,
			);
			buildRules = (
			);
			dependencies = (
			);
			name = FSBliBli;
			productName = FSBliBli;
			productReference = 04BDDDE41C907363003A5793 /* FSBliBli.app */;
			productType = "com.apple.product-type.application";
		};
		04BDDDFC1C907364003A5793 /* FSBliBliTests */ = {
			isa = PBXNativeTarget;
			buildConfigurationList = 04BDDE141C907364003A5793 /* Build configuration list for PBXNativeTarget "FSBliBliTests" */;
			buildPhases = (
				04BDDDF91C907364003A5793 /* Sources */,
				04BDDDFA1C907364003A5793 /* Frameworks */,
				04BDDDFB1C907364003A5793 /* Resources */,
			);
			buildRules = (
			);
			dependencies = (
				04BDDDFF1C907364003A5793 /* PBXTargetDependency */,
			);
			name = FSBliBliTests;
			productName = FSBliBliTests;
			productReference = 04BDDDFD1C907364003A5793 /* FSBliBliTests.xctest */;
			productType = "com.apple.product-type.bundle.unit-test";
		};
		04BDDE071C907364003A5793 /* FSBliBliUITests */ = {
			isa = PBXNativeTarget;
			buildConfigurationList = 04BDDE171C907364003A5793 /* Build configuration list for PBXNativeTarget "FSBliBliUITests" */;
			buildPhases = (
				04BDDE041C907364003A5793 /* Sources */,
				04BDDE051C907364003A5793 /* Frameworks */,
				04BDDE061C907364003A5793 /* Resources */,
			);
			buildRules = (
			);
			dependencies = (
				04BDDE0A1C907364003A5793 /* PBXTargetDependency */,
			);
			name = FSBliBliUITests;
			productName = FSBliBliUITests;
			productReference = 04BDDE081C907364003A5793 /* FSBliBliUITests.xctest */;
			productType = "com.apple.product-type.bundle.ui-testing";
		};
/* End PBXNativeTarget section */

/* Begin PBXProject section */
		04BDDDDC1C907363003A5793 /* Project object */ = {
			isa = PBXProject;
			attributes = {
				LastUpgradeCheck = 0720;
				ORGANIZATIONNAME = "四维图新";
				TargetAttributes = {
					04BDDDE31C907363003A5793 = {
						CreatedOnToolsVersion = 7.2;
					};
					04BDDDFC1C907364003A5793 = {
						CreatedOnToolsVersion = 7.2;
						TestTargetID = 04BDDDE31C907363003A5793;
					};
					04BDDE071C907364003A5793 = {
						CreatedOnToolsVersion = 7.2;
						TestTargetID = 04BDDDE31C907363003A5793;
					};
				};
			};
			buildConfigurationList = 04BDDDDF1C907363003A5793 /* Build configuration list for PBXProject "FSBliBli" */;
			compatibilityVersion = "Xcode 3.2";
			developmentRegion = English;
			hasScannedForEncodings = 0;
			knownRegions = (
				en,
				Base,
			);
			mainGroup = 04BDDDDB1C907363003A5793;
			productRefGroup = 04BDDDE51C907363003A5793 /* Products */;
			projectDirPath = "";
			projectRoot = "";
			targets = (
				04BDDDE31C907363003A5793 /* FSBliBli */,
				04BDDDFC1C907364003A5793 /* FSBliBliTests */,
				04BDDE071C907364003A5793 /* FSBliBliUITests */,
			);
		};
/* End PBXProject section */

/* Begin PBXResourcesBuildPhase section */
		04BDDDE21C907363003A5793 /* Resources */ = {
			isa = PBXResourcesBuildPhase;
			buildActionMask = 2147483647;
			files = (
				04BDDE2C1C907744003A5793 /* LaunchScreen.storyboard in Resources */,
				04BDDE2A1C90772B003A5793 /* Assets.xcassets in Resources */,
			);
			runOnlyForDeploymentPostprocessing = 0;
		};
		04BDDDFB1C907364003A5793 /* Resources */ = {
			isa = PBXResourcesBuildPhase;
			buildActionMask = 2147483647;
			files = (
			);
			runOnlyForDeploymentPostprocessing = 0;
		};
		04BDDE061C907364003A5793 /* Resources */ = {
			isa = PBXResourcesBuildPhase;
			buildActionMask = 2147483647;
			files = (
			);
			runOnlyForDeploymentPostprocessing = 0;
		};
/* End PBXResourcesBuildPhase section */

/* Begin PBXSourcesBuildPhase section */
		04BDDDE01C907363003A5793 /* Sources */ = {
			isa = PBXSourcesBuildPhase;
			buildActionMask = 2147483647;
			files = (
				04BDDE321C907809003A5793 /* FSNavigationController.m in Sources */,
				04BDDE2F1C9077E9003A5793 /* FSMainViewController.m in Sources */,
				04BDDE241C907603003A5793 /* AppDelegate.m in Sources */,
				04BDDDE91C907363003A5793 /* main.m in Sources */,
			);
			runOnlyForDeploymentPostprocessing = 0;
		};
		04BDDDF91C907364003A5793 /* Sources */ = {
			isa = PBXSourcesBuildPhase;
			buildActionMask = 2147483647;
			files = (
				04BDDE021C907364003A5793 /* FSBliBliTests.m in Sources */,
			);
			runOnlyForDeploymentPostprocessing = 0;
		};
		04BDDE041C907364003A5793 /* Sources */ = {
			isa = PBXSourcesBuildPhase;
			buildActionMask = 2147483647;
			files = (
				04BDDE0D1C907364003A5793 /* FSBliBliUITests.m in Sources */,
			);
			runOnlyForDeploymentPostprocessing = 0;
		};
/* End PBXSourcesBuildPhase section */

/* Begin PBXTargetDependency section */
		04BDDDFF1C907364003A5793 /* PBXTargetDependency */ = {
			isa = PBXTargetDependency;
			target = 04BDDDE31C907363003A5793 /* FSBliBli */;
			targetProxy = 04BDDDFE1C907364003A5793 /* PBXContainerItemProxy */;
		};
		04BDDE0A1C907364003A5793 /* PBXTargetDependency */ = {
			isa = PBXTargetDependency;
			target = 04BDDDE31C907363003A5793 /* FSBliBli */;
			targetProxy = 04BDDE091C907364003A5793 /* PBXContainerItemProxy */;
		};
/* End PBXTargetDependency section */

/* Begin XCBuildConfiguration section */
		04BDDE0F1C907364003A5793 /* Debug */ = {
			isa = XCBuildConfiguration;
			buildSettings = {
				ALWAYS_SEARCH_USER_PATHS = NO;
				CLANG_CXX_LANGUAGE_STANDARD = "gnu++0x";
				CLANG_CXX_LIBRARY = "libc++";
				CLANG_ENABLE_MODULES = YES;
				CLANG_ENABLE_OBJC_ARC = YES;
				CLANG_WARN_BOOL_CONVERSION = YES;
				CLANG_WARN_CONSTANT_CONVERSION = YES;
				CLANG_WARN_DIRECT_OBJC_ISA_USAGE = YES_ERROR;
				CLANG_WARN_EMPTY_BODY = YES;
				CLANG_WARN_ENUM_CONVERSION = YES;
				CLANG_WARN_INT_CONVERSION = YES;
				CLANG_WARN_OBJC_ROOT_CLASS = YES_ERROR;
				CLANG_WARN_UNREACHABLE_CODE = YES;
				CLANG_WARN__DUPLICATE_METHOD_MATCH = YES;
				"CODE_SIGN_IDENTITY[sdk=iphoneos*]" = "iPhone Developer";
				COPY_PHASE_STRIP = NO;
				DEBUG_INFORMATION_FORMAT = dwarf;
				ENABLE_STRICT_OBJC_MSGSEND = YES;
				ENABLE_TESTABILITY = YES;
				GCC_C_LANGUAGE_STANDARD = gnu99;
				GCC_DYNAMIC_NO_PIC = NO;
				GCC_NO_COMMON_BLOCKS = YES;
				GCC_OPTIMIZATION_LEVEL = 0;
				GCC_PREPROCESSOR_DEFINITIONS = (
					"DEBUG=1",
					"$(inherited)",
				);
				GCC_WARN_64_TO_32_BIT_CONVERSION = YES;
				GCC_WARN_ABOUT_RETURN_TYPE = YES_ERROR;
				GCC_WARN_UNDECLARED_SELECTOR = YES;
				GCC_WARN_UNINITIALIZED_AUTOS = YES_AGGRESSIVE;
				GCC_WARN_UNUSED_FUNCTION = YES;
				GCC_WARN_UNUSED_VARIABLE = YES;
				IPHONEOS_DEPLOYMENT_TARGET = 9.2;
				MTL_ENABLE_DEBUG_INFO = YES;
				ONLY_ACTIVE_ARCH = YES;
				SDKROOT = iphoneos;
				TARGETED_DEVICE_FAMILY = "1,2";
			};
			name = Debug;
		};
		04BDDE101C907364003A5793 /* Release */ = {
			isa = XCBuildConfiguration;
			buildSettings = {
				ALWAYS_SEARCH_USER_PATHS = NO;
				CLANG_CXX_LANGUAGE_STANDARD = "gnu++0x";
				CLANG_CXX_LIBRARY = "libc++";
				CLANG_ENABLE_MODULES = YES;
				CLANG_ENABLE_OBJC_ARC = YES;
				CLANG_WARN_BOOL_CONVERSION = YES;
				CLANG_WARN_CONSTANT_CONVERSION = YES;
				CLANG_WARN_DIRECT_OBJC_ISA_USAGE = YES_ERROR;
				CLANG_WARN_EMPTY_BODY = YES;
				CLANG_WARN_ENUM_CONVERSION = YES;
				CLANG_WARN_INT_CONVERSION = YES;
				CLANG_WARN_OBJC_ROOT_CLASS = YES_ERROR;
				CLANG_WARN_UNREACHABLE_CODE = YES;
				CLANG_WARN__DUPLICATE_METHOD_MATCH = YES;
				"CODE_SIGN_IDENTITY[sdk=iphoneos*]" = "iPhone Developer";
				COPY_PHASE_STRIP = NO;
				DEBUG_INFORMATION_FORMAT = "dwarf-with-dsym";
				ENABLE_NS_ASSERTIONS = NO;
				ENABLE_STRICT_OBJC_MSGSEND = YES;
				GCC_C_LANGUAGE_STANDARD = gnu99;
				GCC_NO_COMMON_BLOCKS = YES;
				GCC_WARN_64_TO_32_BIT_CONVERSION = YES;
				GCC_WARN_ABOUT_RETURN_TYPE = YES_ERROR;
				GCC_WARN_UNDECLARED_SELECTOR = YES;
				GCC_WARN_UNINITIALIZED_AUTOS = YES_AGGRESSIVE;
				GCC_WARN_UNUSED_FUNCTION = YES;
				GCC_WARN_UNUSED_VARIABLE = YES;
				IPHONEOS_DEPLOYMENT_TARGET = 9.2;
				MTL_ENABLE_DEBUG_INFO = NO;
				SDKROOT = iphoneos;
				TARGETED_DEVICE_FAMILY = "1,2";
				VALIDATE_PRODUCT = YES;
			};
			name = Release;
		};
		04BDDE121C907364003A5793 /* Debug */ = {
			isa = XCBuildConfiguration;
			buildSettings = {
				ASSETCATALOG_COMPILER_APPICON_NAME = AppIcon;
				GCC_PRECOMPILE_PREFIX_HEADER = YES;
				GCC_PREFIX_HEADER = FSBliBli/FSBili.pch;
				INFOPLIST_FILE = FSBliBli/Info.plist;
				IPHONEOS_DEPLOYMENT_TARGET = 8.0;
				LD_RUNPATH_SEARCH_PATHS = "$(inherited) @executable_path/Frameworks";
				PRODUCT_BUNDLE_IDENTIFIER = NavInfo.FSBliBli;
				PRODUCT_NAME = "$(TARGET_NAME)";
			};
			name = Debug;
		};
		04BDDE131C907364003A5793 /* Release */ = {
			isa = XCBuildConfiguration;
			buildSettings = {
				ASSETCATALOG_COMPILER_APPICON_NAME = AppIcon;
				GCC_PRECOMPILE_PREFIX_HEADER = YES;
				GCC_PREFIX_HEADER = FSBliBli/FSBili.pch;
				INFOPLIST_FILE = FSBliBli/Info.plist;
				IPHONEOS_DEPLOYMENT_TARGET = 8.0;
				LD_RUNPATH_SEARCH_PATHS = "$(inherited) @executable_path/Frameworks";
				PRODUCT_BUNDLE_IDENTIFIER = NavInfo.FSBliBli;
				PRODUCT_NAME = "$(TARGET_NAME)";
			};
			name = Release;
		};
		04BDDE151C907364003A5793 /* Debug */ = {
			isa = XCBuildConfiguration;
			buildSettings = {
				BUNDLE_LOADER = "$(TEST_HOST)";
				INFOPLIST_FILE = FSBliBliTests/Info.plist;
				LD_RUNPATH_SEARCH_PATHS = "$(inherited) @executable_path/Frameworks @loader_path/Frameworks";
				PRODUCT_BUNDLE_IDENTIFIER = NavInfo.FSBliBliTests;
				PRODUCT_NAME = "$(TARGET_NAME)";
				TEST_HOST = "$(BUILT_PRODUCTS_DIR)/FSBliBli.app/FSBliBli";
			};
			name = Debug;
		};
		04BDDE161C907364003A5793 /* Release */ = {
			isa = XCBuildConfiguration;
			buildSettings = {
				BUNDLE_LOADER = "$(TEST_HOST)";
				INFOPLIST_FILE = FSBliBliTests/Info.plist;
				LD_RUNPATH_SEARCH_PATHS = "$(inherited) @executable_path/Frameworks @loader_path/Frameworks";
				PRODUCT_BUNDLE_IDENTIFIER = NavInfo.FSBliBliTests;
				PRODUCT_NAME = "$(TARGET_NAME)";
				TEST_HOST = "$(BUILT_PRODUCTS_DIR)/FSBliBli.app/FSBliBli";
			};
			name = Release;
		};
		04BDDE181C907364003A5793 /* Debug */ = {
			isa = XCBuildConfiguration;
			buildSettings = {
				INFOPLIST_FILE = FSBliBliUITests/Info.plist;
				LD_RUNPATH_SEARCH_PATHS = "$(inherited) @executable_path/Frameworks @loader_path/Frameworks";
				PRODUCT_BUNDLE_IDENTIFIER = NavInfo.FSBliBliUITests;
				PRODUCT_NAME = "$(TARGET_NAME)";
				TEST_TARGET_NAME = FSBliBli;
				USES_XCTRUNNER = YES;
			};
			name = Debug;
		};
		04BDDE191C907364003A5793 /* Release */ = {
			isa = XCBuildConfiguration;
			buildSettings = {
				INFOPLIST_FILE = FSBliBliUITests/Info.plist;
				LD_RUNPATH_SEARCH_PATHS = "$(inherited) @executable_path/Frameworks @loader_path/Frameworks";
				PRODUCT_BUNDLE_IDENTIFIER = NavInfo.FSBliBliUITests;
				PRODUCT_NAME = "$(TARGET_NAME)";
				TEST_TARGET_NAME = FSBliBli;
				USES_XCTRUNNER = YES;
			};
			name = Release;
		};
/* End XCBuildConfiguration section */

/* Begin XCConfigurationList section */
		04BDDDDF1C907363003A5793 /* Build configuration list for PBXProject "FSBliBli" */ = {
			isa = XCConfigurationList;
			buildConfigurations = (
				04BDDE0F1C907364003A5793 /* Debug */,
				04BDDE101C907364003A5793 /* Release */,
			);
			defaultConfigurationIsVisible = 0;
			defaultConfigurationName = Release;
		};
		04BDDE111C907364003A5793 /* Build configuration list for PBXNativeTarget "FSBliBli" */ = {
			isa = XCConfigurationList;
			buildConfigurations = (
				04BDDE121C907364003A5793 /* Debug */,
				04BDDE131C907364003A5793 /* Release */,
			);
			defaultConfigurationIsVisible = 0;
			defaultConfigurationName = Release;
		};
		04BDDE141C907364003A5793 /* Build configuration list for PBXNativeTarget "FSBliBliTests" */ = {
			isa = XCConfigurationList;
			buildConfigurations = (
				04BDDE151C907364003A5793 /* Debug */,
				04BDDE161C907364003A5793 /* Release */,
			);
			defaultConfigurationIsVisible = 0;
			defaultConfigurationName = Release;
		};
		04BDDE171C907364003A5793 /* Build configuration list for PBXNativeTarget "FSBliBliUITests" */ = {
			isa = XCConfigurationList;
			buildConfigurations = (
				04BDDE181C907364003A5793 /* Debug */,
				04BDDE191C907364003A5793 /* Release */,
			);
			defaultConfigurationIsVisible = 0;
			defaultConfigurationName = Release;
		};
/* End XCConfigurationList section */
	};
	rootObject = 04BDDDDC1C907363003A5793 /* Project object */;
}
